
Microsoft Visual Studio Solution File, Format Version 12.00
# Visual Studio Version 16
VisualStudioVersion = 16.0.33801.447
MinimumVisualStudioVersion = 10.0.40219.1
Project("{FAE04EC0-301F-11D3-BF4B-00C04F79EFBC}") = "Mvc5_KutuphaneYonetimSistemi", "Mvc5_KutuphaneYonetimSistemi\Mvc5_KutuphaneYonetimSistemi.csproj", "{9E322AD9-E4DE-4559-ADE1-64CCF37A203B}"
EndProject
Global
	GlobalSection(SolutionConfigurationPlatforms) = preSolution
		Debug|Any CPU = Debug|Any CPU
		Release|Any CPU = Release|Any CPU
	EndGlobalSection
	GlobalSection(ProjectConfigurationPlatforms) = postSolution
		{9E322AD9-E4DE-4559-ADE1-64CCF37A203B}.Debug|Any CPU.ActiveCfg = Debug|Any CPU
		{9E322AD9-E4DE-4559-ADE1-64CCF37A203B}.Debug|Any CPU.Build.0 = Debug|Any CPU
		{9E322AD9-E4DE-4559-ADE1-64CCF37A203B}.Release|Any CPU.ActiveCfg = Release|Any CPU
		{9E322AD9-E4DE-4559-ADE1-64CCF37A203B}.Release|Any CPU.Build.0 = Release|Any CPU
	EndGlobalSection
	GlobalSection(SolutionProperties) = preSolution
		HideSolutionNode = FALSE
	EndGlobalSection
	GlobalSection(ExtensibilityGlobals) = postSolution
		SolutionGuid = {EE6EAE93-642E-4A57-BA4B-96EEADEE6EE3}
	EndGlobalSection
EndGlobal
